
Microsoft Visual Studio Solution File, Format Version 12.00
# Visual Studio Version 17
VisualStudioVersion = 17.0.32014.148
MinimumVisualStudioVersion = 10.0.40219.1
Project("{FAE04EC0-301F-11D3-BF4B-00C04F79EFBC}") = "Nhom_LTTCT", "Nhom_LTTCT\Nhom_LTTCT.csproj", "{12E597DD-7C55-4310-A847-6CB9B383F9E3}"
EndProject
Global
	GlobalSection(SolutionConfigurationPlatforms) = preSolution
		Debug|Any CPU = Debug|Any CPU
		Release|Any CPU = Release|Any CPU
	EndGlobalSection
	GlobalSection(ProjectConfigurationPlatforms) = postSolution
		{12E597DD-7C55-4310-A847-6CB9B383F9E3}.Debug|Any CPU.ActiveCfg = Debug|Any CPU
		{12E597DD-7C55-4310-A847-6CB9B383F9E3}.Debug|Any CPU.Build.0 = Debug|Any CPU
		{12E597DD-7C55-4310-A847-6CB9B383F9E3}.Release|Any CPU.ActiveCfg = Release|Any CPU
		{12E597DD-7C55-4310-A847-6CB9B383F9E3}.Release|Any CPU.Build.0 = Release|Any CPU
	EndGlobalSection
	GlobalSection(SolutionProperties) = preSolution
		HideSolutionNode = FALSE
	EndGlobalSection
	GlobalSection(ExtensibilityGlobals) = postSolution
		SolutionGuid = {4B304114-F029-4B3F-9396-6362D85139A4}
	EndGlobalSection
EndGlobal
